
Microsoft Visual Studio Solution File, Format Version 12.00
Project("{FAE04EC0-301F-11D3-BF4B-00C04F79EFBC}") = "NumbersDateText", "NumbersDateText\NumbersDateText.csproj", "{F3F28BD4-9704-4D07-844D-AC17B6E080F4}"
EndProject
Global
	GlobalSection(SolutionConfigurationPlatforms) = preSolution
		Debug|Any CPU = Debug|Any CPU
		Release|Any CPU = Release|Any CPU
	EndGlobalSection
	GlobalSection(ProjectConfigurationPlatforms) = postSolution
		{F3F28BD4-9704-4D07-844D-AC17B6E080F4}.Debug|Any CPU.ActiveCfg = Debug|Any CPU
		{F3F28BD4-9704-4D07-844D-AC17B6E080F4}.Debug|Any CPU.Build.0 = Debug|Any CPU
		{F3F28BD4-9704-4D07-844D-AC17B6E080F4}.Release|Any CPU.ActiveCfg = Release|Any CPU
		{F3F28BD4-9704-4D07-844D-AC17B6E080F4}.Release|Any CPU.Build.0 = Release|Any CPU
	EndGlobalSection
EndGlobal
